// !$*UTF8*$!
{
	archiveVersion = 1;
	classes = {
	};
	objectVersion = 56;
	objects = {

/* Begin PBXBuildFile section */
		34926112C31DAD4E2A8E8D73 /* Pods_FinanceManagerTests.framework in Frameworks */ = {isa = PBXBuildFile; fileRef = BD84ED8751C6D8EFF524C04D /* Pods_FinanceManagerTests.framework */; };
		504368282B34D3D900454903 /* AppDelegate.swift in Sources */ = {isa = PBXBuildFile; fileRef = 504368272B34D3D900454903 /* AppDelegate.swift */; };
		5043682A2B34D3D900454903 /* SceneDelegate.swift in Sources */ = {isa = PBXBuildFile; fileRef = 504368292B34D3D900454903 /* SceneDelegate.swift */; };
		504368342B34D3DB00454903 /* LaunchScreen.storyboard in Resources */ = {isa = PBXBuildFile; fileRef = 504368322B34D3DB00454903 /* LaunchScreen.storyboard */; };
		5043683F2B34D3DB00454903 /* FinanceManagerTests.swift in Sources */ = {isa = PBXBuildFile; fileRef = 5043683E2B34D3DB00454903 /* FinanceManagerTests.swift */; };
		504368492B34D3DB00454903 /* FinanceManagerUITests.swift in Sources */ = {isa = PBXBuildFile; fileRef = 504368482B34D3DB00454903 /* FinanceManagerUITests.swift */; };
		5043684B2B34D3DB00454903 /* FinanceManagerUITestsLaunchTests.swift in Sources */ = {isa = PBXBuildFile; fileRef = 5043684A2B34D3DB00454903 /* FinanceManagerUITestsLaunchTests.swift */; };
		5043685F2B37735600454903 /* LoginViewController.swift in Sources */ = {isa = PBXBuildFile; fileRef = 5043685D2B37735600454903 /* LoginViewController.swift */; };
		504368602B37735600454903 /* LoginViewController.xib in Resources */ = {isa = PBXBuildFile; fileRef = 5043685E2B37735600454903 /* LoginViewController.xib */; };
		504368642B37792A00454903 /* Assets.xcassets in Resources */ = {isa = PBXBuildFile; fileRef = 504368632B37792A00454903 /* Assets.xcassets */; };
		504368682B3785B800454903 /* RegisterViewController.swift in Sources */ = {isa = PBXBuildFile; fileRef = 504368662B3785B800454903 /* RegisterViewController.swift */; };
		504368692B3785B800454903 /* RegisterViewController.xib in Resources */ = {isa = PBXBuildFile; fileRef = 504368672B3785B800454903 /* RegisterViewController.xib */; };
		5043686B2B384D3900454903 /* LoginViewModel.swift in Sources */ = {isa = PBXBuildFile; fileRef = 5043686A2B384D3900454903 /* LoginViewModel.swift */; };
		5043686D2B384D7000454903 /* User.swift in Sources */ = {isa = PBXBuildFile; fileRef = 5043686C2B384D7000454903 /* User.swift */; };
		5043686F2B384D8C00454903 /* Finance.swift in Sources */ = {isa = PBXBuildFile; fileRef = 5043686E2B384D8C00454903 /* Finance.swift */; };
		504368712B384F3500454903 /* Expence.swift in Sources */ = {isa = PBXBuildFile; fileRef = 504368702B384F3500454903 /* Expence.swift */; };
		504368742B3C259100454903 /* TextInputHelper.swift in Sources */ = {isa = PBXBuildFile; fileRef = 504368732B3C259100454903 /* TextInputHelper.swift */; };
		504368762B3C658F00454903 /* GoogleService-Info.plist in Resources */ = {isa = PBXBuildFile; fileRef = 504368752B3C658F00454903 /* GoogleService-Info.plist */; };
		504368792B3CAA3600454903 /* SnackBar.swift in Sources */ = {isa = PBXBuildFile; fileRef = 504368782B3CAA3600454903 /* SnackBar.swift */; };
		5043687B2B3CB94500454903 /* RegisterViewModel.swift in Sources */ = {isa = PBXBuildFile; fileRef = 5043687A2B3CB94500454903 /* RegisterViewModel.swift */; };
		5043687D2B3CBF9500454903 /* Observable.swift in Sources */ = {isa = PBXBuildFile; fileRef = 5043687C2B3CBF9500454903 /* Observable.swift */; };
		CC44F2ED1A862A5D038C220F /* Pods_FinanceManager.framework in Frameworks */ = {isa = PBXBuildFile; fileRef = 8D2C601F4049A654D137B3E4 /* Pods_FinanceManager.framework */; };
		EDE5D23687A10876FA60BD66 /* Pods_FinanceManager_FinanceManagerUITests.framework in Frameworks */ = {isa = PBXBuildFile; fileRef = 8EFA51338022652E29265428 /* Pods_FinanceManager_FinanceManagerUITests.framework */; };
/* End PBXBuildFile section */

/* Begin PBXContainerItemProxy section */
		5043683B2B34D3DB00454903 /* PBXContainerItemProxy */ = {
			isa = PBXContainerItemProxy;
			containerPortal = 5043681C2B34D3D900454903 /* Project object */;
			proxyType = 1;
			remoteGlobalIDString = 504368232B34D3D900454903;
			remoteInfo = FinanceManager;
		};
		504368452B34D3DB00454903 /* PBXContainerItemProxy */ = {
			isa = PBXContainerItemProxy;
			containerPortal = 5043681C2B34D3D900454903 /* Project object */;
			proxyType = 1;
			remoteGlobalIDString = 504368232B34D3D900454903;
			remoteInfo = FinanceManager;
		};
/* End PBXContainerItemProxy section */

/* Begin PBXFileReference section */
		142FB45FE08CB4A15DA9D004 /* Pods-FinanceManager-FinanceManagerUITests.debug.xcconfig */ = {isa = PBXFileReference; includeInIndex = 1; lastKnownFileType = text.xcconfig; name = "Pods-FinanceManager-FinanceManagerUITests.debug.xcconfig"; path = "Target Support Files/Pods-FinanceManager-FinanceManagerUITests/Pods-FinanceManager-FinanceManagerUITests.debug.xcconfig"; sourceTree = "<group>"; };
		1C8B0D37731689F56E6749A6 /* Pods-FinanceManagerTests.debug.xcconfig */ = {isa = PBXFileReference; includeInIndex = 1; lastKnownFileType = text.xcconfig; name = "Pods-FinanceManagerTests.debug.xcconfig"; path = "Target Support Files/Pods-FinanceManagerTests/Pods-FinanceManagerTests.debug.xcconfig"; sourceTree = "<group>"; };
		2FB19A7AD647EA7E331AF025 /* Pods-FinanceManager-FinanceManagerUITests.release.xcconfig */ = {isa = PBXFileReference; includeInIndex = 1; lastKnownFileType = text.xcconfig; name = "Pods-FinanceManager-FinanceManagerUITests.release.xcconfig"; path = "Target Support Files/Pods-FinanceManager-FinanceManagerUITests/Pods-FinanceManager-FinanceManagerUITests.release.xcconfig"; sourceTree = "<group>"; };
		504368242B34D3D900454903 /* FinanceManager.app */ = {isa = PBXFileReference; explicitFileType = wrapper.application; includeInIndex = 0; path = FinanceManager.app; sourceTree = BUILT_PRODUCTS_DIR; };
		504368272B34D3D900454903 /* AppDelegate.swift */ = {isa = PBXFileReference; lastKnownFileType = sourcecode.swift; path = AppDelegate.swift; sourceTree = "<group>"; };
		504368292B34D3D900454903 /* SceneDelegate.swift */ = {isa = PBXFileReference; lastKnownFileType = sourcecode.swift; path = SceneDelegate.swift; sourceTree = "<group>"; };
		504368332B34D3DB00454903 /* Base */ = {isa = PBXFileReference; lastKnownFileType = file.storyboard; name = Base; path = Base.lproj/LaunchScreen.storyboard; sourceTree = "<group>"; };
		504368352B34D3DB00454903 /* Info.plist */ = {isa = PBXFileReference; lastKnownFileType = text.plist.xml; path = Info.plist; sourceTree = "<group>"; };
		5043683A2B34D3DB00454903 /* FinanceManagerTests.xctest */ = {isa = PBXFileReference; explicitFileType = wrapper.cfbundle; includeInIndex = 0; path = FinanceManagerTests.xctest; sourceTree = BUILT_PRODUCTS_DIR; };
		5043683E2B34D3DB00454903 /* FinanceManagerTests.swift */ = {isa = PBXFileReference; lastKnownFileType = sourcecode.swift; path = FinanceManagerTests.swift; sourceTree = "<group>"; };
		504368442B34D3DB00454903 /* FinanceManagerUITests.xctest */ = {isa = PBXFileReference; explicitFileType = wrapper.cfbundle; includeInIndex = 0; path = FinanceManagerUITests.xctest; sourceTree = BUILT_PRODUCTS_DIR; };
		504368482B34D3DB00454903 /* FinanceManagerUITests.swift */ = {isa = PBXFileReference; lastKnownFileType = sourcecode.swift; path = FinanceManagerUITests.swift; sourceTree = "<group>"; };
		5043684A2B34D3DB00454903 /* FinanceManagerUITestsLaunchTests.swift */ = {isa = PBXFileReference; lastKnownFileType = sourcecode.swift; path = FinanceManagerUITestsLaunchTests.swift; sourceTree = "<group>"; };
		5043685D2B37735600454903 /* LoginViewController.swift */ = {isa = PBXFileReference; lastKnownFileType = sourcecode.swift; path = LoginViewController.swift; sourceTree = "<group>"; };
		5043685E2B37735600454903 /* LoginViewController.xib */ = {isa = PBXFileReference; lastKnownFileType = file.xib; path = LoginViewController.xib; sourceTree = "<group>"; };
		504368632B37792A00454903 /* Assets.xcassets */ = {isa = PBXFileReference; lastKnownFileType = folder.assetcatalog; path = Assets.xcassets; sourceTree = "<group>"; };
		504368662B3785B800454903 /* RegisterViewController.swift */ = {isa = PBXFileReference; lastKnownFileType = sourcecode.swift; path = RegisterViewController.swift; sourceTree = "<group>"; };
		504368672B3785B800454903 /* RegisterViewController.xib */ = {isa = PBXFileReference; lastKnownFileType = file.xib; path = RegisterViewController.xib; sourceTree = "<group>"; };
		5043686A2B384D3900454903 /* LoginViewModel.swift */ = {isa = PBXFileReference; lastKnownFileType = sourcecode.swift; path = LoginViewModel.swift; sourceTree = "<group>"; };
		5043686C2B384D7000454903 /* User.swift */ = {isa = PBXFileReference; lastKnownFileType = sourcecode.swift; path = User.swift; sourceTree = "<group>"; };
		5043686E2B384D8C00454903 /* Finance.swift */ = {isa = PBXFileReference; lastKnownFileType = sourcecode.swift; path = Finance.swift; sourceTree = "<group>"; };
		504368702B384F3500454903 /* Expence.swift */ = {isa = PBXFileReference; lastKnownFileType = sourcecode.swift; path = Expence.swift; sourceTree = "<group>"; };
		504368732B3C259100454903 /* TextInputHelper.swift */ = {isa = PBXFileReference; lastKnownFileType = sourcecode.swift; path = TextInputHelper.swift; sourceTree = "<group>"; };
		504368752B3C658F00454903 /* GoogleService-Info.plist */ = {isa = PBXFileReference; fileEncoding = 4; lastKnownFileType = text.plist.xml; path = "GoogleService-Info.plist"; sourceTree = "<group>"; };
		504368782B3CAA3600454903 /* SnackBar.swift */ = {isa = PBXFileReference; lastKnownFileType = sourcecode.swift; path = SnackBar.swift; sourceTree = "<group>"; };
		5043687A2B3CB94500454903 /* RegisterViewModel.swift */ = {isa = PBXFileReference; lastKnownFileType = sourcecode.swift; path = RegisterViewModel.swift; sourceTree = "<group>"; };
		5043687C2B3CBF9500454903 /* Observable.swift */ = {isa = PBXFileReference; lastKnownFileType = sourcecode.swift; path = Observable.swift; sourceTree = "<group>"; };
		603430B662D321983FA54EE6 /* Pods-FinanceManager.release.xcconfig */ = {isa = PBXFileReference; includeInIndex = 1; lastKnownFileType = text.xcconfig; name = "Pods-FinanceManager.release.xcconfig"; path = "Target Support Files/Pods-FinanceManager/Pods-FinanceManager.release.xcconfig"; sourceTree = "<group>"; };
		8D2C601F4049A654D137B3E4 /* Pods_FinanceManager.framework */ = {isa = PBXFileReference; explicitFileType = wrapper.framework; includeInIndex = 0; path = Pods_FinanceManager.framework; sourceTree = BUILT_PRODUCTS_DIR; };
		8EFA51338022652E29265428 /* Pods_FinanceManager_FinanceManagerUITests.framework */ = {isa = PBXFileReference; explicitFileType = wrapper.framework; includeInIndex = 0; path = Pods_FinanceManager_FinanceManagerUITests.framework; sourceTree = BUILT_PRODUCTS_DIR; };
		BD84ED8751C6D8EFF524C04D /* Pods_FinanceManagerTests.framework */ = {isa = PBXFileReference; explicitFileType = wrapper.framework; includeInIndex = 0; path = Pods_FinanceManagerTests.framework; sourceTree = BUILT_PRODUCTS_DIR; };
		BED3DFADB6C180EF6C941FF2 /* Pods-FinanceManager.debug.xcconfig */ = {isa = PBXFileReference; includeInIndex = 1; lastKnownFileType = text.xcconfig; name = "Pods-FinanceManager.debug.xcconfig"; path = "Target Support Files/Pods-FinanceManager/Pods-FinanceManager.debug.xcconfig"; sourceTree = "<group>"; };
		F7A0176F30FC18579719E611 /* Pods-FinanceManagerTests.release.xcconfig */ = {isa = PBXFileReference; includeInIndex = 1; lastKnownFileType = text.xcconfig; name = "Pods-FinanceManagerTests.release.xcconfig"; path = "Target Support Files/Pods-FinanceManagerTests/Pods-FinanceManagerTests.release.xcconfig"; sourceTree = "<group>"; };
/* End PBXFileReference section */

/* Begin PBXFrameworksBuildPhase section */
		504368212B34D3D900454903 /* Frameworks */ = {
			isa = PBXFrameworksBuildPhase;
			buildActionMask = 2147483647;
			files = (
				CC44F2ED1A862A5D038C220F /* Pods_FinanceManager.framework in Frameworks */,
			);
			runOnlyForDeploymentPostprocessing = 0;
		};
		504368372B34D3DB00454903 /* Frameworks */ = {
			isa = PBXFrameworksBuildPhase;
			buildActionMask = 2147483647;
			files = (
				34926112C31DAD4E2A8E8D73 /* Pods_FinanceManagerTests.framework in Frameworks */,
			);
			runOnlyForDeploymentPostprocessing = 0;
		};
		504368412B34D3DB00454903 /* Frameworks */ = {
			isa = PBXFrameworksBuildPhase;
			buildActionMask = 2147483647;
			files = (
				EDE5D23687A10876FA60BD66 /* Pods_FinanceManager_FinanceManagerUITests.framework in Frameworks */,
			);
			runOnlyForDeploymentPostprocessing = 0;
		};
/* End PBXFrameworksBuildPhase section */

/* Begin PBXGroup section */
		5043681B2B34D3D900454903 = {
			isa = PBXGroup;
			children = (
				504368262B34D3D900454903 /* FinanceManager */,
				5043683D2B34D3DB00454903 /* FinanceManagerTests */,
				504368472B34D3DB00454903 /* FinanceManagerUITests */,
				504368252B34D3D900454903 /* Products */,
				E7DED6C73B6233A773272BB7 /* Pods */,
				8953522E19722E56EB07FA79 /* Frameworks */,
			);
			sourceTree = "<group>";
		};
		504368252B34D3D900454903 /* Products */ = {
			isa = PBXGroup;
			children = (
				504368242B34D3D900454903 /* FinanceManager.app */,
				5043683A2B34D3DB00454903 /* FinanceManagerTests.xctest */,
				504368442B34D3DB00454903 /* FinanceManagerUITests.xctest */,
			);
			name = Products;
			sourceTree = "<group>";
		};
		504368262B34D3D900454903 /* FinanceManager */ = {
			isa = PBXGroup;
			children = (
				504368772B3CAA1E00454903 /* Components */,
				504368722B3C255700454903 /* Helper */,
				5043685B2B37703400454903 /* Resources */,
				5043685A2B37702800454903 /* Model */,
				504368592B37702000454903 /* ViewModel */,
				504368582B37701300454903 /* View */,
				504368572B37700800454903 /* Controllers */,
				504368272B34D3D900454903 /* AppDelegate.swift */,
				504368292B34D3D900454903 /* SceneDelegate.swift */,
				504368322B34D3DB00454903 /* LaunchScreen.storyboard */,
				504368752B3C658F00454903 /* GoogleService-Info.plist */,
				504368352B34D3DB00454903 /* Info.plist */,
			);
			path = FinanceManager;
			sourceTree = "<group>";
		};
		5043683D2B34D3DB00454903 /* FinanceManagerTests */ = {
			isa = PBXGroup;
			children = (
				5043683E2B34D3DB00454903 /* FinanceManagerTests.swift */,
			);
			path = FinanceManagerTests;
			sourceTree = "<group>";
		};
		504368472B34D3DB00454903 /* FinanceManagerUITests */ = {
			isa = PBXGroup;
			children = (
				504368482B34D3DB00454903 /* FinanceManagerUITests.swift */,
				5043684A2B34D3DB00454903 /* FinanceManagerUITestsLaunchTests.swift */,
			);
			path = FinanceManagerUITests;
			sourceTree = "<group>";
		};
		504368572B37700800454903 /* Controllers */ = {
			isa = PBXGroup;
			children = (
				504368652B37859D00454903 /* RegisterViewController */,
				5043685C2B37732D00454903 /* LoginViewController */,
			);
			path = Controllers;
			sourceTree = "<group>";
		};
		504368582B37701300454903 /* View */ = {
			isa = PBXGroup;
			children = (
			);
			path = View;
			sourceTree = "<group>";
		};
		504368592B37702000454903 /* ViewModel */ = {
			isa = PBXGroup;
			children = (
				5043686A2B384D3900454903 /* LoginViewModel.swift */,
				5043687A2B3CB94500454903 /* RegisterViewModel.swift */,
			);
			path = ViewModel;
			sourceTree = "<group>";
		};
		5043685A2B37702800454903 /* Model */ = {
			isa = PBXGroup;
			children = (
				5043686C2B384D7000454903 /* User.swift */,
				5043686E2B384D8C00454903 /* Finance.swift */,
				504368702B384F3500454903 /* Expence.swift */,
			);
			path = Model;
			sourceTree = "<group>";
		};
		5043685B2B37703400454903 /* Resources */ = {
			isa = PBXGroup;
			children = (
				504368632B37792A00454903 /* Assets.xcassets */,
			);
			path = Resources;
			sourceTree = "<group>";
		};
		5043685C2B37732D00454903 /* LoginViewController */ = {
			isa = PBXGroup;
			children = (
				5043685D2B37735600454903 /* LoginViewController.swift */,
				5043685E2B37735600454903 /* LoginViewController.xib */,
			);
			path = LoginViewController;
			sourceTree = "<group>";
		};
		504368652B37859D00454903 /* RegisterViewController */ = {
			isa = PBXGroup;
			children = (
				504368662B3785B800454903 /* RegisterViewController.swift */,
				504368672B3785B800454903 /* RegisterViewController.xib */,
			);
			path = RegisterViewController;
			sourceTree = "<group>";
		};
		504368722B3C255700454903 /* Helper */ = {
			isa = PBXGroup;
			children = (
				504368732B3C259100454903 /* TextInputHelper.swift */,
			);
			path = Helper;
			sourceTree = "<group>";
		};
		504368772B3CAA1E00454903 /* Components */ = {
			isa = PBXGroup;
			children = (
				504368782B3CAA3600454903 /* SnackBar.swift */,
				5043687C2B3CBF9500454903 /* Observable.swift */,
			);
			path = Components;
			sourceTree = "<group>";
		};
		8953522E19722E56EB07FA79 /* Frameworks */ = {
			isa = PBXGroup;
			children = (
				8D2C601F4049A654D137B3E4 /* Pods_FinanceManager.framework */,
				8EFA51338022652E29265428 /* Pods_FinanceManager_FinanceManagerUITests.framework */,
				BD84ED8751C6D8EFF524C04D /* Pods_FinanceManagerTests.framework */,
			);
			name = Frameworks;
			sourceTree = "<group>";
		};
		E7DED6C73B6233A773272BB7 /* Pods */ = {
			isa = PBXGroup;
			children = (
				BED3DFADB6C180EF6C941FF2 /* Pods-FinanceManager.debug.xcconfig */,
				603430B662D321983FA54EE6 /* Pods-FinanceManager.release.xcconfig */,
				142FB45FE08CB4A15DA9D004 /* Pods-FinanceManager-FinanceManagerUITests.debug.xcconfig */,
				2FB19A7AD647EA7E331AF025 /* Pods-FinanceManager-FinanceManagerUITests.release.xcconfig */,
				1C8B0D37731689F56E6749A6 /* Pods-FinanceManagerTests.debug.xcconfig */,
				F7A0176F30FC18579719E611 /* Pods-FinanceManagerTests.release.xcconfig */,
			);
			path = Pods;
			sourceTree = "<group>";
		};
/* End PBXGroup section */

/* Begin PBXNativeTarget section */
		504368232B34D3D900454903 /* FinanceManager */ = {
			isa = PBXNativeTarget;
			buildConfigurationList = 5043684E2B34D3DB00454903 /* Build configuration list for PBXNativeTarget "FinanceManager" */;
			buildPhases = (
				06C69E7F3A070F470FAE9470 /* [CP] Check Pods Manifest.lock */,
				504368202B34D3D900454903 /* Sources */,
				504368212B34D3D900454903 /* Frameworks */,
				504368222B34D3D900454903 /* Resources */,
				45C4827598C2CA7DB6B4A675 /* [CP] Embed Pods Frameworks */,
			);
			buildRules = (
			);
			dependencies = (
			);
			name = FinanceManager;
			productName = FinanceManager;
			productReference = 504368242B34D3D900454903 /* FinanceManager.app */;
			productType = "com.apple.product-type.application";
		};
		504368392B34D3DB00454903 /* FinanceManagerTests */ = {
			isa = PBXNativeTarget;
			buildConfigurationList = 504368512B34D3DB00454903 /* Build configuration list for PBXNativeTarget "FinanceManagerTests" */;
			buildPhases = (
				26D9C8DF4F39C1344423ABE5 /* [CP] Check Pods Manifest.lock */,
				504368362B34D3DB00454903 /* Sources */,
				504368372B34D3DB00454903 /* Frameworks */,
				504368382B34D3DB00454903 /* Resources */,
			);
			buildRules = (
			);
			dependencies = (
				5043683C2B34D3DB00454903 /* PBXTargetDependency */,
			);
			name = FinanceManagerTests;
			productName = FinanceManagerTests;
			productReference = 5043683A2B34D3DB00454903 /* FinanceManagerTests.xctest */;
			productType = "com.apple.product-type.bundle.unit-test";
		};
		504368432B34D3DB00454903 /* FinanceManagerUITests */ = {
			isa = PBXNativeTarget;
			buildConfigurationList = 504368542B34D3DB00454903 /* Build configuration list for PBXNativeTarget "FinanceManagerUITests" */;
			buildPhases = (
				A8510B8622B75A35B57309D4 /* [CP] Check Pods Manifest.lock */,
				504368402B34D3DB00454903 /* Sources */,
				504368412B34D3DB00454903 /* Frameworks */,
				504368422B34D3DB00454903 /* Resources */,
				19BE148C35A0E865730CFBB4 /* [CP] Embed Pods Frameworks */,
			);
			buildRules = (
			);
			dependencies = (
				504368462B34D3DB00454903 /* PBXTargetDependency */,
			);
			name = FinanceManagerUITests;
			productName = FinanceManagerUITests;
			productReference = 504368442B34D3DB00454903 /* FinanceManagerUITests.xctest */;
			productType = "com.apple.product-type.bundle.ui-testing";
		};
/* End PBXNativeTarget section */

/* Begin PBXProject section */
		5043681C2B34D3D900454903 /* Project object */ = {
			isa = PBXProject;
			attributes = {
				BuildIndependentTargetsInParallel = 1;
				LastSwiftUpdateCheck = 1430;
				LastUpgradeCheck = 1430;
				TargetAttributes = {
					504368232B34D3D900454903 = {
						CreatedOnToolsVersion = 14.3;
					};
					504368392B34D3DB00454903 = {
						CreatedOnToolsVersion = 14.3;
						TestTargetID = 504368232B34D3D900454903;
					};
					504368432B34D3DB00454903 = {
						CreatedOnToolsVersion = 14.3;
						TestTargetID = 504368232B34D3D900454903;
					};
				};
			};
			buildConfigurationList = 5043681F2B34D3D900454903 /* Build configuration list for PBXProject "FinanceManager" */;
			compatibilityVersion = "Xcode 14.0";
			developmentRegion = en;
			hasScannedForEncodings = 0;
			knownRegions = (
				en,
				Base,
			);
			mainGroup = 5043681B2B34D3D900454903;
			productRefGroup = 504368252B34D3D900454903 /* Products */;
			projectDirPath = "";
			projectRoot = "";
			targets = (
				504368232B34D3D900454903 /* FinanceManager */,
				504368392B34D3DB00454903 /* FinanceManagerTests */,
				504368432B34D3DB00454903 /* FinanceManagerUITests */,
			);
		};
/* End PBXProject section */

/* Begin PBXResourcesBuildPhase section */
		504368222B34D3D900454903 /* Resources */ = {
			isa = PBXResourcesBuildPhase;
			buildActionMask = 2147483647;
			files = (
				504368602B37735600454903 /* LoginViewController.xib in Resources */,
				504368642B37792A00454903 /* Assets.xcassets in Resources */,
				504368762B3C658F00454903 /* GoogleService-Info.plist in Resources */,
				504368342B34D3DB00454903 /* LaunchScreen.storyboard in Resources */,
				504368692B3785B800454903 /* RegisterViewController.xib in Resources */,
			);
			runOnlyForDeploymentPostprocessing = 0;
		};
		504368382B34D3DB00454903 /* Resources */ = {
			isa = PBXResourcesBuildPhase;
			buildActionMask = 2147483647;
			files = (
			);
			runOnlyForDeploymentPostprocessing = 0;
		};
		504368422B34D3DB00454903 /* Resources */ = {
			isa = PBXResourcesBuildPhase;
			buildActionMask = 2147483647;
			files = (
			);
			runOnlyForDeploymentPostprocessing = 0;
		};
/* End PBXResourcesBuildPhase section */

/* Begin PBXShellScriptBuildPhase section */
		06C69E7F3A070F470FAE9470 /* [CP] Check Pods Manifest.lock */ = {
			isa = PBXShellScriptBuildPhase;
			buildActionMask = 2147483647;
			files = (
			);
			inputFileListPaths = (
			);
			inputPaths = (
				"${PODS_PODFILE_DIR_PATH}/Podfile.lock",
				"${PODS_ROOT}/Manifest.lock",
			);
			name = "[CP] Check Pods Manifest.lock";
			outputFileListPaths = (
			);
			outputPaths = (
				"$(DERIVED_FILE_DIR)/Pods-FinanceManager-checkManifestLockResult.txt",
			);
			runOnlyForDeploymentPostprocessing = 0;
			shellPath = /bin/sh;
			shellScript = "diff \"${PODS_PODFILE_DIR_PATH}/Podfile.lock\" \"${PODS_ROOT}/Manifest.lock\" > /dev/null\nif [ $? != 0 ] ; then\n    # print error to STDERR\n    echo \"error: The sandbox is not in sync with the Podfile.lock. Run 'pod install' or update your CocoaPods installation.\" >&2\n    exit 1\nfi\n# This output is used by Xcode 'outputs' to avoid re-running this script phase.\necho \"SUCCESS\" > \"${SCRIPT_OUTPUT_FILE_0}\"\n";
			showEnvVarsInLog = 0;
		};
		19BE148C35A0E865730CFBB4 /* [CP] Embed Pods Frameworks */ = {
			isa = PBXShellScriptBuildPhase;
			buildActionMask = 2147483647;
			files = (
			);
			inputFileListPaths = (
				"${PODS_ROOT}/Target Support Files/Pods-FinanceManager-FinanceManagerUITests/Pods-FinanceManager-FinanceManagerUITests-frameworks-${CONFIGURATION}-input-files.xcfilelist",
			);
			name = "[CP] Embed Pods Frameworks";
			outputFileListPaths = (
				"${PODS_ROOT}/Target Support Files/Pods-FinanceManager-FinanceManagerUITests/Pods-FinanceManager-FinanceManagerUITests-frameworks-${CONFIGURATION}-output-files.xcfilelist",
			);
			runOnlyForDeploymentPostprocessing = 0;
			shellPath = /bin/sh;
			shellScript = "\"${PODS_ROOT}/Target Support Files/Pods-FinanceManager-FinanceManagerUITests/Pods-FinanceManager-FinanceManagerUITests-frameworks.sh\"\n";
			showEnvVarsInLog = 0;
		};
		26D9C8DF4F39C1344423ABE5 /* [CP] Check Pods Manifest.lock */ = {
			isa = PBXShellScriptBuildPhase;
			buildActionMask = 2147483647;
			files = (
			);
			inputFileListPaths = (
			);
			inputPaths = (
				"${PODS_PODFILE_DIR_PATH}/Podfile.lock",
				"${PODS_ROOT}/Manifest.lock",
			);
			name = "[CP] Check Pods Manifest.lock";
			outputFileListPaths = (
			);
			outputPaths = (
				"$(DERIVED_FILE_DIR)/Pods-FinanceManagerTests-checkManifestLockResult.txt",
			);
			runOnlyForDeploymentPostprocessing = 0;
			shellPath = /bin/sh;
			shellScript = "diff \"${PODS_PODFILE_DIR_PATH}/Podfile.lock\" \"${PODS_ROOT}/Manifest.lock\" > /dev/null\nif [ $? != 0 ] ; then\n    # print error to STDERR\n    echo \"error: The sandbox is not in sync with the Podfile.lock. Run 'pod install' or update your CocoaPods installation.\" >&2\n    exit 1\nfi\n# This output is used by Xcode 'outputs' to avoid re-running this script phase.\necho \"SUCCESS\" > \"${SCRIPT_OUTPUT_FILE_0}\"\n";
			showEnvVarsInLog = 0;
		};
		45C4827598C2CA7DB6B4A675 /* [CP] Embed Pods Frameworks */ = {
			isa = PBXShellScriptBuildPhase;
			buildActionMask = 2147483647;
			files = (
			);
			inputFileListPaths = (
				"${PODS_ROOT}/Target Support Files/Pods-FinanceManager/Pods-FinanceManager-frameworks-${CONFIGURATION}-input-files.xcfilelist",
			);
			name = "[CP] Embed Pods Frameworks";
			outputFileListPaths = (
				"${PODS_ROOT}/Target Support Files/Pods-FinanceManager/Pods-FinanceManager-frameworks-${CONFIGURATION}-output-files.xcfilelist",
			);
			runOnlyForDeploymentPostprocessing = 0;
			shellPath = /bin/sh;
			shellScript = "\"${PODS_ROOT}/Target Support Files/Pods-FinanceManager/Pods-FinanceManager-frameworks.sh\"\n";
			showEnvVarsInLog = 0;
		};
		A8510B8622B75A35B57309D4 /* [CP] Check Pods Manifest.lock */ = {
			isa = PBXShellScriptBuildPhase;
			buildActionMask = 2147483647;
			files = (
			);
			inputFileListPaths = (
			);
			inputPaths = (
				"${PODS_PODFILE_DIR_PATH}/Podfile.lock",
				"${PODS_ROOT}/Manifest.lock",
			);
			name = "[CP] Check Pods Manifest.lock";
			outputFileListPaths = (
			);
			outputPaths = (
				"$(DERIVED_FILE_DIR)/Pods-FinanceManager-FinanceManagerUITests-checkManifestLockResult.txt",
			);
			runOnlyForDeploymentPostprocessing = 0;
			shellPath = /bin/sh;
			shellScript = "diff \"${PODS_PODFILE_DIR_PATH}/Podfile.lock\" \"${PODS_ROOT}/Manifest.lock\" > /dev/null\nif [ $? != 0 ] ; then\n    # print error to STDERR\n    echo \"error: The sandbox is not in sync with the Podfile.lock. Run 'pod install' or update your CocoaPods installation.\" >&2\n    exit 1\nfi\n# This output is used by Xcode 'outputs' to avoid re-running this script phase.\necho \"SUCCESS\" > \"${SCRIPT_OUTPUT_FILE_0}\"\n";
			showEnvVarsInLog = 0;
		};
/* End PBXShellScriptBuildPhase section */

/* Begin PBXSourcesBuildPhase section */
		504368202B34D3D900454903 /* Sources */ = {
			isa = PBXSourcesBuildPhase;
			buildActionMask = 2147483647;
			files = (
				504368712B384F3500454903 /* Expence.swift in Sources */,
				5043685F2B37735600454903 /* LoginViewController.swift in Sources */,
				504368792B3CAA3600454903 /* SnackBar.swift in Sources */,
				504368282B34D3D900454903 /* AppDelegate.swift in Sources */,
				5043687D2B3CBF9500454903 /* Observable.swift in Sources */,
				5043687B2B3CB94500454903 /* RegisterViewModel.swift in Sources */,
				5043686D2B384D7000454903 /* User.swift in Sources */,
				5043682A2B34D3D900454903 /* SceneDelegate.swift in Sources */,
				5043686F2B384D8C00454903 /* Finance.swift in Sources */,
				5043686B2B384D3900454903 /* LoginViewModel.swift in Sources */,
				504368682B3785B800454903 /* RegisterViewController.swift in Sources */,
				504368742B3C259100454903 /* TextInputHelper.swift in Sources */,
			);
			runOnlyForDeploymentPostprocessing = 0;
		};
		504368362B34D3DB00454903 /* Sources */ = {
			isa = PBXSourcesBuildPhase;
			buildActionMask = 2147483647;
			files = (
				5043683F2B34D3DB00454903 /* FinanceManagerTests.swift in Sources */,
			);
			runOnlyForDeploymentPostprocessing = 0;
		};
		504368402B34D3DB00454903 /* Sources */ = {
			isa = PBXSourcesBuildPhase;
			buildActionMask = 2147483647;
			files = (
				504368492B34D3DB00454903 /* FinanceManagerUITests.swift in Sources */,
				5043684B2B34D3DB00454903 /* FinanceManagerUITestsLaunchTests.swift in Sources */,
			);
			runOnlyForDeploymentPostprocessing = 0;
		};
/* End PBXSourcesBuildPhase section */

/* Begin PBXTargetDependency section */
		5043683C2B34D3DB00454903 /* PBXTargetDependency */ = {
			isa = PBXTargetDependency;
			target = 504368232B34D3D900454903 /* FinanceManager */;
			targetProxy = 5043683B2B34D3DB00454903 /* PBXContainerItemProxy */;
		};
		504368462B34D3DB00454903 /* PBXTargetDependency */ = {
			isa = PBXTargetDependency;
			target = 504368232B34D3D900454903 /* FinanceManager */;
			targetProxy = 504368452B34D3DB00454903 /* PBXContainerItemProxy */;
		};
/* End PBXTargetDependency section */

/* Begin PBXVariantGroup section */
		504368322B34D3DB00454903 /* LaunchScreen.storyboard */ = {
			isa = PBXVariantGroup;
			children = (
				504368332B34D3DB00454903 /* Base */,
			);
			name = LaunchScreen.storyboard;
			sourceTree = "<group>";
		};
/* End PBXVariantGroup section */

/* Begin XCBuildConfiguration section */
		5043684C2B34D3DB00454903 /* Debug */ = {
			isa = XCBuildConfiguration;
			buildSettings = {
				ALWAYS_SEARCH_USER_PATHS = NO;
				CLANG_ANALYZER_NONNULL = YES;
				CLANG_ANALYZER_NUMBER_OBJECT_CONVERSION = YES_AGGRESSIVE;
				CLANG_CXX_LANGUAGE_STANDARD = "gnu++20";
				CLANG_ENABLE_MODULES = YES;
				CLANG_ENABLE_OBJC_ARC = YES;
				CLANG_ENABLE_OBJC_WEAK = YES;
				CLANG_WARN_BLOCK_CAPTURE_AUTORELEASING = YES;
				CLANG_WARN_BOOL_CONVERSION = YES;
				CLANG_WARN_COMMA = YES;
				CLANG_WARN_CONSTANT_CONVERSION = YES;
				CLANG_WARN_DEPRECATED_OBJC_IMPLEMENTATIONS = YES;
				CLANG_WARN_DIRECT_OBJC_ISA_USAGE = YES_ERROR;
				CLANG_WARN_DOCUMENTATION_COMMENTS = YES;
				CLANG_WARN_EMPTY_BODY = YES;
				CLANG_WARN_ENUM_CONVERSION = YES;
				CLANG_WARN_INFINITE_RECURSION = YES;
				CLANG_WARN_INT_CONVERSION = YES;
				CLANG_WARN_NON_LITERAL_NULL_CONVERSION = YES;
				CLANG_WARN_OBJC_IMPLICIT_RETAIN_SELF = YES;
				CLANG_WARN_OBJC_LITERAL_CONVERSION = YES;
				CLANG_WARN_OBJC_ROOT_CLASS = YES_ERROR;
				CLANG_WARN_QUOTED_INCLUDE_IN_FRAMEWORK_HEADER = YES;
				CLANG_WARN_RANGE_LOOP_ANALYSIS = YES;
				CLANG_WARN_STRICT_PROTOTYPES = YES;
				CLANG_WARN_SUSPICIOUS_MOVE = YES;
				CLANG_WARN_UNGUARDED_AVAILABILITY = YES_AGGRESSIVE;
				CLANG_WARN_UNREACHABLE_CODE = YES;
				CLANG_WARN__DUPLICATE_METHOD_MATCH = YES;
				COPY_PHASE_STRIP = NO;
				DEBUG_INFORMATION_FORMAT = dwarf;
				ENABLE_STRICT_OBJC_MSGSEND = YES;
				ENABLE_TESTABILITY = YES;
				GCC_C_LANGUAGE_STANDARD = gnu11;
				GCC_DYNAMIC_NO_PIC = NO;
				GCC_NO_COMMON_BLOCKS = YES;
				GCC_OPTIMIZATION_LEVEL = 0;
				GCC_PREPROCESSOR_DEFINITIONS = (
					"DEBUG=1",
					"$(inherited)",
				);
				GCC_WARN_64_TO_32_BIT_CONVERSION = YES;
				GCC_WARN_ABOUT_RETURN_TYPE = YES_ERROR;
				GCC_WARN_UNDECLARED_SELECTOR = YES;
				GCC_WARN_UNINITIALIZED_AUTOS = YES_AGGRESSIVE;
				GCC_WARN_UNUSED_FUNCTION = YES;
				GCC_WARN_UNUSED_VARIABLE = YES;
				IPHONEOS_DEPLOYMENT_TARGET = 12.3;
				MTL_ENABLE_DEBUG_INFO = INCLUDE_SOURCE;
				MTL_FAST_MATH = YES;
				ONLY_ACTIVE_ARCH = YES;
				SDKROOT = iphoneos;
				SWIFT_ACTIVE_COMPILATION_CONDITIONS = DEBUG;
				SWIFT_OPTIMIZATION_LEVEL = "-Onone";
			};
			name = Debug;
		};
		5043684D2B34D3DB00454903 /* Release */ = {
			isa = XCBuildConfiguration;
			buildSettings = {
				ALWAYS_SEARCH_USER_PATHS = NO;
				CLANG_ANALYZER_NONNULL = YES;
				CLANG_ANALYZER_NUMBER_OBJECT_CONVERSION = YES_AGGRESSIVE;
				CLANG_CXX_LANGUAGE_STANDARD = "gnu++20";
				CLANG_ENABLE_MODULES = YES;
				CLANG_ENABLE_OBJC_ARC = YES;
				CLANG_ENABLE_OBJC_WEAK = YES;
				CLANG_WARN_BLOCK_CAPTURE_AUTORELEASING = YES;
				CLANG_WARN_BOOL_CONVERSION = YES;
				CLANG_WARN_COMMA = YES;
				CLANG_WARN_CONSTANT_CONVERSION = YES;
				CLANG_WARN_DEPRECATED_OBJC_IMPLEMENTATIONS = YES;
				CLANG_WARN_DIRECT_OBJC_ISA_USAGE = YES_ERROR;
				CLANG_WARN_DOCUMENTATION_COMMENTS = YES;
				CLANG_WARN_EMPTY_BODY = YES;
				CLANG_WARN_ENUM_CONVERSION = YES;
				CLANG_WARN_INFINITE_RECURSION = YES;
				CLANG_WARN_INT_CONVERSION = YES;
				CLANG_WARN_NON_LITERAL_NULL_CONVERSION = YES;
				CLANG_WARN_OBJC_IMPLICIT_RETAIN_SELF = YES;
				CLANG_WARN_OBJC_LITERAL_CONVERSION = YES;
				CLANG_WARN_OBJC_ROOT_CLASS = YES_ERROR;
				CLANG_WARN_QUOTED_INCLUDE_IN_FRAMEWORK_HEADER = YES;
				CLANG_WARN_RANGE_LOOP_ANALYSIS = YES;
				CLANG_WARN_STRICT_PROTOTYPES = YES;
				CLANG_WARN_SUSPICIOUS_MOVE = YES;
				CLANG_WARN_UNGUARDED_AVAILABILITY = YES_AGGRESSIVE;
				CLANG_WARN_UNREACHABLE_CODE = YES;
				CLANG_WARN__DUPLICATE_METHOD_MATCH = YES;
				COPY_PHASE_STRIP = NO;
				DEBUG_INFORMATION_FORMAT = "dwarf-with-dsym";
				ENABLE_NS_ASSERTIONS = NO;
				ENABLE_STRICT_OBJC_MSGSEND = YES;
				GCC_C_LANGUAGE_STANDARD = gnu11;
				GCC_NO_COMMON_BLOCKS = YES;
				GCC_WARN_64_TO_32_BIT_CONVERSION = YES;
				GCC_WARN_ABOUT_RETURN_TYPE = YES_ERROR;
				GCC_WARN_UNDECLARED_SELECTOR = YES;
				GCC_WARN_UNINITIALIZED_AUTOS = YES_AGGRESSIVE;
				GCC_WARN_UNUSED_FUNCTION = YES;
				GCC_WARN_UNUSED_VARIABLE = YES;
				IPHONEOS_DEPLOYMENT_TARGET = 12.3;
				MTL_ENABLE_DEBUG_INFO = NO;
				MTL_FAST_MATH = YES;
				SDKROOT = iphoneos;
				SWIFT_COMPILATION_MODE = wholemodule;
				SWIFT_OPTIMIZATION_LEVEL = "-O";
				VALIDATE_PRODUCT = YES;
			};
			name = Release;
		};
		5043684F2B34D3DB00454903 /* Debug */ = {
			isa = XCBuildConfiguration;
			baseConfigurationReference = BED3DFADB6C180EF6C941FF2 /* Pods-FinanceManager.debug.xcconfig */;
			buildSettings = {
				ASSETCATALOG_COMPILER_APPICON_NAME = AppIcon;
				ASSETCATALOG_COMPILER_GLOBAL_ACCENT_COLOR_NAME = AccentColor;
				CODE_SIGN_STYLE = Automatic;
				CURRENT_PROJECT_VERSION = 1;
				GENERATE_INFOPLIST_FILE = YES;
				INFOPLIST_FILE = FinanceManager/Info.plist;
				INFOPLIST_KEY_UIApplicationSupportsIndirectInputEvents = YES;
				INFOPLIST_KEY_UILaunchStoryboardName = LaunchScreen;
				INFOPLIST_KEY_UISupportedInterfaceOrientations_iPad = "UIInterfaceOrientationPortrait UIInterfaceOrientationPortraitUpsideDown UIInterfaceOrientationLandscapeLeft UIInterfaceOrientationLandscapeRight";
				INFOPLIST_KEY_UISupportedInterfaceOrientations_iPhone = "UIInterfaceOrientationPortrait UIInterfaceOrientationLandscapeLeft UIInterfaceOrientationLandscapeRight";
				IPHONEOS_DEPLOYMENT_TARGET = 13.2;
				LD_RUNPATH_SEARCH_PATHS = (
					"$(inherited)",
					"@executable_path/Frameworks",
				);
				MARKETING_VERSION = 1.0;
				PRODUCT_BUNDLE_IDENTIFIER = com.bercik.FinanceManager;
				PRODUCT_NAME = "$(TARGET_NAME)";
				SUPPORTED_PLATFORMS = "iphoneos iphonesimulator";
				SUPPORTS_MACCATALYST = NO;
				SUPPORTS_MAC_DESIGNED_FOR_IPHONE_IPAD = YES;
				SWIFT_EMIT_LOC_STRINGS = YES;
				SWIFT_VERSION = 5.0;
				TARGETED_DEVICE_FAMILY = 1;
			};
			name = Debug;
		};
		504368502B34D3DB00454903 /* Release */ = {
			isa = XCBuildConfiguration;
			baseConfigurationReference = 603430B662D321983FA54EE6 /* Pods-FinanceManager.release.xcconfig */;
			buildSettings = {
				ASSETCATALOG_COMPILER_APPICON_NAME = AppIcon;
				ASSETCATALOG_COMPILER_GLOBAL_ACCENT_COLOR_NAME = AccentColor;
				CODE_SIGN_STYLE = Automatic;
				CURRENT_PROJECT_VERSION = 1;
				GENERATE_INFOPLIST_FILE = YES;
				INFOPLIST_FILE = FinanceManager/Info.plist;
				INFOPLIST_KEY_UIApplicationSupportsIndirectInputEvents = YES;
				INFOPLIST_KEY_UILaunchStoryboardName = LaunchScreen;
				INFOPLIST_KEY_UISupportedInterfaceOrientations_iPad = "UIInterfaceOrientationPortrait UIInterfaceOrientationPortraitUpsideDown UIInterfaceOrientationLandscapeLeft UIInterfaceOrientationLandscapeRight";
				INFOPLIST_KEY_UISupportedInterfaceOrientations_iPhone = "UIInterfaceOrientationPortrait UIInterfaceOrientationLandscapeLeft UIInterfaceOrientationLandscapeRight";
				IPHONEOS_DEPLOYMENT_TARGET = 13.2;
				LD_RUNPATH_SEARCH_PATHS = (
					"$(inherited)",
					"@executable_path/Frameworks",
				);
				MARKETING_VERSION = 1.0;
				PRODUCT_BUNDLE_IDENTIFIER = com.bercik.FinanceManager;
				PRODUCT_NAME = "$(TARGET_NAME)";
				SUPPORTED_PLATFORMS = "iphoneos iphonesimulator";
				SUPPORTS_MACCATALYST = NO;
				SUPPORTS_MAC_DESIGNED_FOR_IPHONE_IPAD = YES;
				SWIFT_EMIT_LOC_STRINGS = YES;
				SWIFT_VERSION = 5.0;
				TARGETED_DEVICE_FAMILY = 1;
			};
			name = Release;
		};
		504368522B34D3DB00454903 /* Debug */ = {
			isa = XCBuildConfiguration;
			baseConfigurationReference = 1C8B0D37731689F56E6749A6 /* Pods-FinanceManagerTests.debug.xcconfig */;
			buildSettings = {
				ALWAYS_EMBED_SWIFT_STANDARD_LIBRARIES = YES;
				BUNDLE_LOADER = "$(TEST_HOST)";
				CODE_SIGN_STYLE = Automatic;
				CURRENT_PROJECT_VERSION = 1;
				GENERATE_INFOPLIST_FILE = YES;
				IPHONEOS_DEPLOYMENT_TARGET = 16.4;
				MARKETING_VERSION = 1.0;
				PRODUCT_BUNDLE_IDENTIFIER = com.bercik.FinanceManagerTests;
				PRODUCT_NAME = "$(TARGET_NAME)";
				SWIFT_EMIT_LOC_STRINGS = NO;
				SWIFT_VERSION = 5.0;
				TARGETED_DEVICE_FAMILY = "1,2";
				TEST_HOST = "$(BUILT_PRODUCTS_DIR)/FinanceManager.app/$(BUNDLE_EXECUTABLE_FOLDER_PATH)/FinanceManager";
			};
			name = Debug;
		};
		504368532B34D3DB00454903 /* Release */ = {
			isa = XCBuildConfiguration;
			baseConfigurationReference = F7A0176F30FC18579719E611 /* Pods-FinanceManagerTests.release.xcconfig */;
			buildSettings = {
				ALWAYS_EMBED_SWIFT_STANDARD_LIBRARIES = YES;
				BUNDLE_LOADER = "$(TEST_HOST)";
				CODE_SIGN_STYLE = Automatic;
				CURRENT_PROJECT_VERSION = 1;
				GENERATE_INFOPLIST_FILE = YES;
				IPHONEOS_DEPLOYMENT_TARGET = 16.4;
				MARKETING_VERSION = 1.0;
				PRODUCT_BUNDLE_IDENTIFIER = com.bercik.FinanceManagerTests;
				PRODUCT_NAME = "$(TARGET_NAME)";
				SWIFT_EMIT_LOC_STRINGS = NO;
				SWIFT_VERSION = 5.0;
				TARGETED_DEVICE_FAMILY = "1,2";
				TEST_HOST = "$(BUILT_PRODUCTS_DIR)/FinanceManager.app/$(BUNDLE_EXECUTABLE_FOLDER_PATH)/FinanceManager";
			};
			name = Release;
		};
		504368552B34D3DB00454903 /* Debug */ = {
			isa = XCBuildConfiguration;
			baseConfigurationReference = 142FB45FE08CB4A15DA9D004 /* Pods-FinanceManager-FinanceManagerUITests.debug.xcconfig */;
			buildSettings = {
				ALWAYS_EMBED_SWIFT_STANDARD_LIBRARIES = YES;
				CODE_SIGN_STYLE = Automatic;
				CURRENT_PROJECT_VERSION = 1;
				GENERATE_INFOPLIST_FILE = YES;
				MARKETING_VERSION = 1.0;
				PRODUCT_BUNDLE_IDENTIFIER = com.bercik.FinanceManagerUITests;
				PRODUCT_NAME = "$(TARGET_NAME)";
				SWIFT_EMIT_LOC_STRINGS = NO;
				SWIFT_VERSION = 5.0;
				TARGETED_DEVICE_FAMILY = "1,2";
				TEST_TARGET_NAME = FinanceManager;
			};
			name = Debug;
		};
		504368562B34D3DB00454903 /* Release */ = {
			isa = XCBuildConfiguration;
			baseConfigurationReference = 2FB19A7AD647EA7E331AF025 /* Pods-FinanceManager-FinanceManagerUITests.release.xcconfig */;
			buildSettings = {
				ALWAYS_EMBED_SWIFT_STANDARD_LIBRARIES = YES;
				CODE_SIGN_STYLE = Automatic;
				CURRENT_PROJECT_VERSION = 1;
				GENERATE_INFOPLIST_FILE = YES;
				MARKETING_VERSION = 1.0;
				PRODUCT_BUNDLE_IDENTIFIER = com.bercik.FinanceManagerUITests;
				PRODUCT_NAME = "$(TARGET_NAME)";
				SWIFT_EMIT_LOC_STRINGS = NO;
				SWIFT_VERSION = 5.0;
				TARGETED_DEVICE_FAMILY = "1,2";
				TEST_TARGET_NAME = FinanceManager;
			};
			name = Release;
		};
/* End XCBuildConfiguration section */

/* Begin XCConfigurationList section */
		5043681F2B34D3D900454903 /* Build configuration list for PBXProject "FinanceManager" */ = {
			isa = XCConfigurationList;
			buildConfigurations = (
				5043684C2B34D3DB00454903 /* Debug */,
				5043684D2B34D3DB00454903 /* Release */,
			);
			defaultConfigurationIsVisible = 0;
			defaultConfigurationName = Release;
		};
		5043684E2B34D3DB00454903 /* Build configuration list for PBXNativeTarget "FinanceManager" */ = {
			isa = XCConfigurationList;
			buildConfigurations = (
				5043684F2B34D3DB00454903 /* Debug */,
				504368502B34D3DB00454903 /* Release */,
			);
			defaultConfigurationIsVisible = 0;
			defaultConfigurationName = Release;
		};
		504368512B34D3DB00454903 /* Build configuration list for PBXNativeTarget "FinanceManagerTests" */ = {
			isa = XCConfigurationList;
			buildConfigurations = (
				504368522B34D3DB00454903 /* Debug */,
				504368532B34D3DB00454903 /* Release */,
			);
			defaultConfigurationIsVisible = 0;
			defaultConfigurationName = Release;
		};
		504368542B34D3DB00454903 /* Build configuration list for PBXNativeTarget "FinanceManagerUITests" */ = {
			isa = XCConfigurationList;
			buildConfigurations = (
				504368552B34D3DB00454903 /* Debug */,
				504368562B34D3DB00454903 /* Release */,
			);
			defaultConfigurationIsVisible = 0;
			defaultConfigurationName = Release;
		};
/* End XCConfigurationList section */
	};
	rootObject = 5043681C2B34D3D900454903 /* Project object */;
}
